// !$*UTF8*$!
{
	archiveVersion = 1;
	classes = {
	};
	objectVersion = 50;
	objects = {

/* Begin PBXBuildFile section */
		94F5B8522502105D00DE0560 /* IntroView.swift in Sources */ = {isa = PBXBuildFile; fileRef = 94F5B8512502105D00DE0560 /* IntroView.swift */; };
		94F5B85425022E6300DE0560 /* MainView.swift in Sources */ = {isa = PBXBuildFile; fileRef = 94F5B85325022E6300DE0560 /* MainView.swift */; };
		94F5B8562505108F00DE0560 /* MapView.swift in Sources */ = {isa = PBXBuildFile; fileRef = 94F5B8552505108F00DE0560 /* MapView.swift */; };
		94FBFB9D2500EBDD007AD297 /* AppDelegate.swift in Sources */ = {isa = PBXBuildFile; fileRef = 94FBFB9C2500EBDD007AD297 /* AppDelegate.swift */; };
		94FBFB9F2500EBDD007AD297 /* SceneDelegate.swift in Sources */ = {isa = PBXBuildFile; fileRef = 94FBFB9E2500EBDD007AD297 /* SceneDelegate.swift */; };
		94FBFBA22500EBDD007AD297 /* GoAlone.xcdatamodeld in Sources */ = {isa = PBXBuildFile; fileRef = 94FBFBA02500EBDD007AD297 /* GoAlone.xcdatamodeld */; };
		94FBFBA42500EBDD007AD297 /* ContentView.swift in Sources */ = {isa = PBXBuildFile; fileRef = 94FBFBA32500EBDD007AD297 /* ContentView.swift */; };
		94FBFBA62500EBDE007AD297 /* Assets.xcassets in Resources */ = {isa = PBXBuildFile; fileRef = 94FBFBA52500EBDE007AD297 /* Assets.xcassets */; };
		94FBFBA92500EBDE007AD297 /* Preview Assets.xcassets in Resources */ = {isa = PBXBuildFile; fileRef = 94FBFBA82500EBDE007AD297 /* Preview Assets.xcassets */; };
		94FBFBAC2500EBDE007AD297 /* LaunchScreen.storyboard in Resources */ = {isa = PBXBuildFile; fileRef = 94FBFBAA2500EBDE007AD297 /* LaunchScreen.storyboard */; };
		94FBFBB72500EBDE007AD297 /* GoAloneTests.swift in Sources */ = {isa = PBXBuildFile; fileRef = 94FBFBB62500EBDE007AD297 /* GoAloneTests.swift */; };
		94FBFBC22500EBDE007AD297 /* GoAloneUITests.swift in Sources */ = {isa = PBXBuildFile; fileRef = 94FBFBC12500EBDE007AD297 /* GoAloneUITests.swift */; };
/* End PBXBuildFile section */

/* Begin PBXContainerItemProxy section */
		94FBFBB32500EBDE007AD297 /* PBXContainerItemProxy */ = {
			isa = PBXContainerItemProxy;
			containerPortal = 94FBFB912500EBDD007AD297 /* Project object */;
			proxyType = 1;
			remoteGlobalIDString = 94FBFB982500EBDD007AD297;
			remoteInfo = GoAlone;
		};
		94FBFBBE2500EBDE007AD297 /* PBXContainerItemProxy */ = {
			isa = PBXContainerItemProxy;
			containerPortal = 94FBFB912500EBDD007AD297 /* Project object */;
			proxyType = 1;
			remoteGlobalIDString = 94FBFB982500EBDD007AD297;
			remoteInfo = GoAlone;
		};
/* End PBXContainerItemProxy section */

/* Begin PBXFileReference section */
		94F5B8512502105D00DE0560 /* IntroView.swift */ = {isa = PBXFileReference; lastKnownFileType = sourcecode.swift; path = IntroView.swift; sourceTree = "<group>"; };
		94F5B85325022E6300DE0560 /* MainView.swift */ = {isa = PBXFileReference; lastKnownFileType = sourcecode.swift; path = MainView.swift; sourceTree = "<group>"; };
		94F5B8552505108F00DE0560 /* MapView.swift */ = {isa = PBXFileReference; lastKnownFileType = sourcecode.swift; path = MapView.swift; sourceTree = "<group>"; };
		94FBFB992500EBDD007AD297 /* GoAlone.app */ = {isa = PBXFileReference; explicitFileType = wrapper.application; includeInIndex = 0; path = GoAlone.app; sourceTree = BUILT_PRODUCTS_DIR; };
		94FBFB9C2500EBDD007AD297 /* AppDelegate.swift */ = {isa = PBXFileReference; lastKnownFileType = sourcecode.swift; path = AppDelegate.swift; sourceTree = "<group>"; };
		94FBFB9E2500EBDD007AD297 /* SceneDelegate.swift */ = {isa = PBXFileReference; lastKnownFileType = sourcecode.swift; path = SceneDelegate.swift; sourceTree = "<group>"; };
		94FBFBA12500EBDD007AD297 /* GoAlone.xcdatamodel */ = {isa = PBXFileReference; lastKnownFileType = wrapper.xcdatamodel; path = GoAlone.xcdatamodel; sourceTree = "<group>"; };
		94FBFBA32500EBDD007AD297 /* ContentView.swift */ = {isa = PBXFileReference; lastKnownFileType = sourcecode.swift; path = ContentView.swift; sourceTree = "<group>"; };
		94FBFBA52500EBDE007AD297 /* Assets.xcassets */ = {isa = PBXFileReference; lastKnownFileType = folder.assetcatalog; path = Assets.xcassets; sourceTree = "<group>"; };
		94FBFBA82500EBDE007AD297 /* Preview Assets.xcassets */ = {isa = PBXFileReference; lastKnownFileType = folder.assetcatalog; path = "Preview Assets.xcassets"; sourceTree = "<group>"; };
		94FBFBAB2500EBDE007AD297 /* Base */ = {isa = PBXFileReference; lastKnownFileType = file.storyboard; name = Base; path = Base.lproj/LaunchScreen.storyboard; sourceTree = "<group>"; };
		94FBFBAD2500EBDE007AD297 /* Info.plist */ = {isa = PBXFileReference; lastKnownFileType = text.plist.xml; path = Info.plist; sourceTree = "<group>"; };
		94FBFBB22500EBDE007AD297 /* GoAloneTests.xctest */ = {isa = PBXFileReference; explicitFileType = wrapper.cfbundle; includeInIndex = 0; path = GoAloneTests.xctest; sourceTree = BUILT_PRODUCTS_DIR; };
		94FBFBB62500EBDE007AD297 /* GoAloneTests.swift */ = {isa = PBXFileReference; lastKnownFileType = sourcecode.swift; path = GoAloneTests.swift; sourceTree = "<group>"; };
		94FBFBB82500EBDE007AD297 /* Info.plist */ = {isa = PBXFileReference; lastKnownFileType = text.plist.xml; path = Info.plist; sourceTree = "<group>"; };
		94FBFBBD2500EBDE007AD297 /* GoAloneUITests.xctest */ = {isa = PBXFileReference; explicitFileType = wrapper.cfbundle; includeInIndex = 0; path = GoAloneUITests.xctest; sourceTree = BUILT_PRODUCTS_DIR; };
		94FBFBC12500EBDE007AD297 /* GoAloneUITests.swift */ = {isa = PBXFileReference; lastKnownFileType = sourcecode.swift; path = GoAloneUITests.swift; sourceTree = "<group>"; };
		94FBFBC32500EBDE007AD297 /* Info.plist */ = {isa = PBXFileReference; lastKnownFileType = text.plist.xml; path = Info.plist; sourceTree = "<group>"; };
/* End PBXFileReference section */

/* Begin PBXFrameworksBuildPhase section */
		94FBFB962500EBDD007AD297 /* Frameworks */ = {
			isa = PBXFrameworksBuildPhase;
			buildActionMask = 2147483647;
			files = (
			);
			runOnlyForDeploymentPostprocessing = 0;
		};
		94FBFBAF2500EBDE007AD297 /* Frameworks */ = {
			isa = PBXFrameworksBuildPhase;
			buildActionMask = 2147483647;
			files = (
			);
			runOnlyForDeploymentPostprocessing = 0;
		};
		94FBFBBA2500EBDE007AD297 /* Frameworks */ = {
			isa = PBXFrameworksBuildPhase;
			buildActionMask = 2147483647;
			files = (
			);
			runOnlyForDeploymentPostprocessing = 0;
		};
/* End PBXFrameworksBuildPhase section */

/* Begin PBXGroup section */
		94FBFB902500EBDD007AD297 = {
			isa = PBXGroup;
			children = (
				94FBFB9B2500EBDD007AD297 /* GoAlone */,
				94FBFBB52500EBDE007AD297 /* GoAloneTests */,
				94FBFBC02500EBDE007AD297 /* GoAloneUITests */,
				94FBFB9A2500EBDD007AD297 /* Products */,
			);
			sourceTree = "<group>";
		};
		94FBFB9A2500EBDD007AD297 /* Products */ = {
			isa = PBXGroup;
			children = (
				94FBFB992500EBDD007AD297 /* GoAlone.app */,
				94FBFBB22500EBDE007AD297 /* GoAloneTests.xctest */,
				94FBFBBD2500EBDE007AD297 /* GoAloneUITests.xctest */,
			);
			name = Products;
			sourceTree = "<group>";
		};
		94FBFB9B2500EBDD007AD297 /* GoAlone */ = {
			isa = PBXGroup;
			children = (
				94FBFB9C2500EBDD007AD297 /* AppDelegate.swift */,
				94FBFB9E2500EBDD007AD297 /* SceneDelegate.swift */,
				94FBFBA32500EBDD007AD297 /* ContentView.swift */,
				94FBFBA52500EBDE007AD297 /* Assets.xcassets */,
				94FBFBAA2500EBDE007AD297 /* LaunchScreen.storyboard */,
				94FBFBAD2500EBDE007AD297 /* Info.plist */,
				94FBFBA02500EBDD007AD297 /* GoAlone.xcdatamodeld */,
				94FBFBA72500EBDE007AD297 /* Preview Content */,
				94F5B8512502105D00DE0560 /* IntroView.swift */,
				94F5B85325022E6300DE0560 /* MainView.swift */,
				94F5B8552505108F00DE0560 /* MapView.swift */,
			);
			path = GoAlone;
			sourceTree = "<group>";
		};
		94FBFBA72500EBDE007AD297 /* Preview Content */ = {
			isa = PBXGroup;
			children = (
				94FBFBA82500EBDE007AD297 /* Preview Assets.xcassets */,
			);
			path = "Preview Content";
			sourceTree = "<group>";
		};
		94FBFBB52500EBDE007AD297 /* GoAloneTests */ = {
			isa = PBXGroup;
			children = (
				94FBFBB62500EBDE007AD297 /* GoAloneTests.swift */,
				94FBFBB82500EBDE007AD297 /* Info.plist */,
			);
			path = GoAloneTests;
			sourceTree = "<group>";
		};
		94FBFBC02500EBDE007AD297 /* GoAloneUITests */ = {
			isa = PBXGroup;
			children = (
				94FBFBC12500EBDE007AD297 /* GoAloneUITests.swift */,
				94FBFBC32500EBDE007AD297 /* Info.plist */,
			);
			path = GoAloneUITests;
			sourceTree = "<group>";
		};
/* End PBXGroup section */

/* Begin PBXNativeTarget section */
		94FBFB982500EBDD007AD297 /* GoAlone */ = {
			isa = PBXNativeTarget;
			buildConfigurationList = 94FBFBC62500EBDE007AD297 /* Build configuration list for PBXNativeTarget "GoAlone" */;
			buildPhases = (
				94FBFB952500EBDD007AD297 /* Sources */,
				94FBFB962500EBDD007AD297 /* Frameworks */,
				94FBFB972500EBDD007AD297 /* Resources */,
			);
			buildRules = (
			);
			dependencies = (
			);
			name = GoAlone;
			productName = GoAlone;
			productReference = 94FBFB992500EBDD007AD297 /* GoAlone.app */;
			productType = "com.apple.product-type.application";
		};
		94FBFBB12500EBDE007AD297 /* GoAloneTests */ = {
			isa = PBXNativeTarget;
			buildConfigurationList = 94FBFBC92500EBDE007AD297 /* Build configuration list for PBXNativeTarget "GoAloneTests" */;
			buildPhases = (
				94FBFBAE2500EBDE007AD297 /* Sources */,
				94FBFBAF2500EBDE007AD297 /* Frameworks */,
				94FBFBB02500EBDE007AD297 /* Resources */,
			);
			buildRules = (
			);
			dependencies = (
				94FBFBB42500EBDE007AD297 /* PBXTargetDependency */,
			);
			name = GoAloneTests;
			productName = GoAloneTests;
			productReference = 94FBFBB22500EBDE007AD297 /* GoAloneTests.xctest */;
			productType = "com.apple.product-type.bundle.unit-test";
		};
		94FBFBBC2500EBDE007AD297 /* GoAloneUITests */ = {
			isa = PBXNativeTarget;
			buildConfigurationList = 94FBFBCC2500EBDE007AD297 /* Build configuration list for PBXNativeTarget "GoAloneUITests" */;
			buildPhases = (
				94FBFBB92500EBDE007AD297 /* Sources */,
				94FBFBBA2500EBDE007AD297 /* Frameworks */,
				94FBFBBB2500EBDE007AD297 /* Resources */,
			);
			buildRules = (
			);
			dependencies = (
				94FBFBBF2500EBDE007AD297 /* PBXTargetDependency */,
			);
			name = GoAloneUITests;
			productName = GoAloneUITests;
			productReference = 94FBFBBD2500EBDE007AD297 /* GoAloneUITests.xctest */;
			productType = "com.apple.product-type.bundle.ui-testing";
		};
/* End PBXNativeTarget section */

/* Begin PBXProject section */
		94FBFB912500EBDD007AD297 /* Project object */ = {
			isa = PBXProject;
			attributes = {
				LastSwiftUpdateCheck = 1170;
				LastUpgradeCheck = 1170;
				ORGANIZATIONNAME = "HongYeol Jeon";
				TargetAttributes = {
					94FBFB982500EBDD007AD297 = {
						CreatedOnToolsVersion = 11.7;
					};
					94FBFBB12500EBDE007AD297 = {
						CreatedOnToolsVersion = 11.7;
						TestTargetID = 94FBFB982500EBDD007AD297;
					};
					94FBFBBC2500EBDE007AD297 = {
						CreatedOnToolsVersion = 11.7;
						TestTargetID = 94FBFB982500EBDD007AD297;
					};
				};
			};
			buildConfigurationList = 94FBFB942500EBDD007AD297 /* Build configuration list for PBXProject "GoAlone" */;
			compatibilityVersion = "Xcode 9.3";
			developmentRegion = en;
			hasScannedForEncodings = 0;
			knownRegions = (
				en,
				Base,
			);
			mainGroup = 94FBFB902500EBDD007AD297;
			productRefGroup = 94FBFB9A2500EBDD007AD297 /* Products */;
			projectDirPath = "";
			projectRoot = "";
			targets = (
				94FBFB982500EBDD007AD297 /* GoAlone */,
				94FBFBB12500EBDE007AD297 /* GoAloneTests */,
				94FBFBBC2500EBDE007AD297 /* GoAloneUITests */,
			);
		};
/* End PBXProject section */

/* Begin PBXResourcesBuildPhase section */
		94FBFB972500EBDD007AD297 /* Resources */ = {
			isa = PBXResourcesBuildPhase;
			buildActionMask = 2147483647;
			files = (
				94FBFBAC2500EBDE007AD297 /* LaunchScreen.storyboard in Resources */,
				94FBFBA92500EBDE007AD297 /* Preview Assets.xcassets in Resources */,
				94FBFBA62500EBDE007AD297 /* Assets.xcassets in Resources */,
			);
			runOnlyForDeploymentPostprocessing = 0;
		};
		94FBFBB02500EBDE007AD297 /* Resources */ = {
			isa = PBXResourcesBuildPhase;
			buildActionMask = 2147483647;
			files = (
			);
			runOnlyForDeploymentPostprocessing = 0;
		};
		94FBFBBB2500EBDE007AD297 /* Resources */ = {
			isa = PBXResourcesBuildPhase;
			buildActionMask = 2147483647;
			files = (
			);
			runOnlyForDeploymentPostprocessing = 0;
		};
/* End PBXResourcesBuildPhase section */

/* Begin PBXSourcesBuildPhase section */
		94FBFB952500EBDD007AD297 /* Sources */ = {
			isa = PBXSourcesBuildPhase;
			buildActionMask = 2147483647;
			files = (
				94F5B8562505108F00DE0560 /* MapView.swift in Sources */,
				94FBFB9D2500EBDD007AD297 /* AppDelegate.swift in Sources */,
				94F5B85425022E6300DE0560 /* MainView.swift in Sources */,
				94FBFB9F2500EBDD007AD297 /* SceneDelegate.swift in Sources */,
				94F5B8522502105D00DE0560 /* IntroView.swift in Sources */,
				94FBFBA42500EBDD007AD297 /* ContentView.swift in Sources */,
				94FBFBA22500EBDD007AD297 /* GoAlone.xcdatamodeld in Sources */,
			);
			runOnlyForDeploymentPostprocessing = 0;
		};
		94FBFBAE2500EBDE007AD297 /* Sources */ = {
			isa = PBXSourcesBuildPhase;
			buildActionMask = 2147483647;
			files = (
				94FBFBB72500EBDE007AD297 /* GoAloneTests.swift in Sources */,
			);
			runOnlyForDeploymentPostprocessing = 0;
		};
		94FBFBB92500EBDE007AD297 /* Sources */ = {
			isa = PBXSourcesBuildPhase;
			buildActionMask = 2147483647;
			files = (
				94FBFBC22500EBDE007AD297 /* GoAloneUITests.swift in Sources */,
			);
			runOnlyForDeploymentPostprocessing = 0;
		};
/* End PBXSourcesBuildPhase section */

/* Begin PBXTargetDependency section */
		94FBFBB42500EBDE007AD297 /* PBXTargetDependency */ = {
			isa = PBXTargetDependency;
			target = 94FBFB982500EBDD007AD297 /* GoAlone */;
			targetProxy = 94FBFBB32500EBDE007AD297 /* PBXContainerItemProxy */;
		};
		94FBFBBF2500EBDE007AD297 /* PBXTargetDependency */ = {
			isa = PBXTargetDependency;
			target = 94FBFB982500EBDD007AD297 /* GoAlone */;
			targetProxy = 94FBFBBE2500EBDE007AD297 /* PBXContainerItemProxy */;
		};
/* End PBXTargetDependency section */

/* Begin PBXVariantGroup section */
		94FBFBAA2500EBDE007AD297 /* LaunchScreen.storyboard */ = {
			isa = PBXVariantGroup;
			children = (
				94FBFBAB2500EBDE007AD297 /* Base */,
			);
			name = LaunchScreen.storyboard;
			sourceTree = "<group>";
		};
/* End PBXVariantGroup section */

/* Begin XCBuildConfiguration section */
		94FBFBC42500EBDE007AD297 /* Debug */ = {
			isa = XCBuildConfiguration;
			buildSettings = {
				ALWAYS_SEARCH_USER_PATHS = NO;
				CLANG_ANALYZER_NONNULL = YES;
				CLANG_ANALYZER_NUMBER_OBJECT_CONVERSION = YES_AGGRESSIVE;
				CLANG_CXX_LANGUAGE_STANDARD = "gnu++14";
				CLANG_CXX_LIBRARY = "libc++";
				CLANG_ENABLE_MODULES = YES;
				CLANG_ENABLE_OBJC_ARC = YES;
				CLANG_ENABLE_OBJC_WEAK = YES;
				CLANG_WARN_BLOCK_CAPTURE_AUTORELEASING = YES;
				CLANG_WARN_BOOL_CONVERSION = YES;
				CLANG_WARN_COMMA = YES;
				CLANG_WARN_CONSTANT_CONVERSION = YES;
				CLANG_WARN_DEPRECATED_OBJC_IMPLEMENTATIONS = YES;
				CLANG_WARN_DIRECT_OBJC_ISA_USAGE = YES_ERROR;
				CLANG_WARN_DOCUMENTATION_COMMENTS = YES;
				CLANG_WARN_EMPTY_BODY = YES;
				CLANG_WARN_ENUM_CONVERSION = YES;
				CLANG_WARN_INFINITE_RECURSION = YES;
				CLANG_WARN_INT_CONVERSION = YES;
				CLANG_WARN_NON_LITERAL_NULL_CONVERSION = YES;
				CLANG_WARN_OBJC_IMPLICIT_RETAIN_SELF = YES;
				CLANG_WARN_OBJC_LITERAL_CONVERSION = YES;
				CLANG_WARN_OBJC_ROOT_CLASS = YES_ERROR;
				CLANG_WARN_RANGE_LOOP_ANALYSIS = YES;
				CLANG_WARN_STRICT_PROTOTYPES = YES;
				CLANG_WARN_SUSPICIOUS_MOVE = YES;
				CLANG_WARN_UNGUARDED_AVAILABILITY = YES_AGGRESSIVE;
				CLANG_WARN_UNREACHABLE_CODE = YES;
				CLANG_WARN__DUPLICATE_METHOD_MATCH = YES;
				COPY_PHASE_STRIP = NO;
				DEBUG_INFORMATION_FORMAT = dwarf;
				ENABLE_STRICT_OBJC_MSGSEND = YES;
				ENABLE_TESTABILITY = YES;
				GCC_C_LANGUAGE_STANDARD = gnu11;
				GCC_DYNAMIC_NO_PIC = NO;
				GCC_NO_COMMON_BLOCKS = YES;
				GCC_OPTIMIZATION_LEVEL = 0;
				GCC_PREPROCESSOR_DEFINITIONS = (
					"DEBUG=1",
					"$(inherited)",
				);
				GCC_WARN_64_TO_32_BIT_CONVERSION = YES;
				GCC_WARN_ABOUT_RETURN_TYPE = YES_ERROR;
				GCC_WARN_UNDECLARED_SELECTOR = YES;
				GCC_WARN_UNINITIALIZED_AUTOS = YES_AGGRESSIVE;
				GCC_WARN_UNUSED_FUNCTION = YES;
				GCC_WARN_UNUSED_VARIABLE = YES;
				IPHONEOS_DEPLOYMENT_TARGET = 13.7;
				MTL_ENABLE_DEBUG_INFO = INCLUDE_SOURCE;
				MTL_FAST_MATH = YES;
				ONLY_ACTIVE_ARCH = YES;
				SDKROOT = iphoneos;
				SWIFT_ACTIVE_COMPILATION_CONDITIONS = DEBUG;
				SWIFT_OPTIMIZATION_LEVEL = "-Onone";
			};
			name = Debug;
		};
		94FBFBC52500EBDE007AD297 /* Release */ = {
			isa = XCBuildConfiguration;
			buildSettings = {
				ALWAYS_SEARCH_USER_PATHS = NO;
				CLANG_ANALYZER_NONNULL = YES;
				CLANG_ANALYZER_NUMBER_OBJECT_CONVERSION = YES_AGGRESSIVE;
				CLANG_CXX_LANGUAGE_STANDARD = "gnu++14";
				CLANG_CXX_LIBRARY = "libc++";
				CLANG_ENABLE_MODULES = YES;
				CLANG_ENABLE_OBJC_ARC = YES;
				CLANG_ENABLE_OBJC_WEAK = YES;
				CLANG_WARN_BLOCK_CAPTURE_AUTORELEASING = YES;
				CLANG_WARN_BOOL_CONVERSION = YES;
				CLANG_WARN_COMMA = YES;
				CLANG_WARN_CONSTANT_CONVERSION = YES;
				CLANG_WARN_DEPRECATED_OBJC_IMPLEMENTATIONS = YES;
				CLANG_WARN_DIRECT_OBJC_ISA_USAGE = YES_ERROR;
				CLANG_WARN_DOCUMENTATION_COMMENTS = YES;
				CLANG_WARN_EMPTY_BODY = YES;
				CLANG_WARN_ENUM_CONVERSION = YES;
				CLANG_WARN_INFINITE_RECURSION = YES;
				CLANG_WARN_INT_CONVERSION = YES;
				CLANG_WARN_NON_LITERAL_NULL_CONVERSION = YES;
				CLANG_WARN_OBJC_IMPLICIT_RETAIN_SELF = YES;
				CLANG_WARN_OBJC_LITERAL_CONVERSION = YES;
				CLANG_WARN_OBJC_ROOT_CLASS = YES_ERROR;
				CLANG_WARN_RANGE_LOOP_ANALYSIS = YES;
				CLANG_WARN_STRICT_PROTOTYPES = YES;
				CLANG_WARN_SUSPICIOUS_MOVE = YES;
				CLANG_WARN_UNGUARDED_AVAILABILITY = YES_AGGRESSIVE;
				CLANG_WARN_UNREACHABLE_CODE = YES;
				CLANG_WARN__DUPLICATE_METHOD_MATCH = YES;
				COPY_PHASE_STRIP = NO;
				DEBUG_INFORMATION_FORMAT = "dwarf-with-dsym";
				ENABLE_NS_ASSERTIONS = NO;
				ENABLE_STRICT_OBJC_MSGSEND = YES;
				GCC_C_LANGUAGE_STANDARD = gnu11;
				GCC_NO_COMMON_BLOCKS = YES;
				GCC_WARN_64_TO_32_BIT_CONVERSION = YES;
				GCC_WARN_ABOUT_RETURN_TYPE = YES_ERROR;
				GCC_WARN_UNDECLARED_SELECTOR = YES;
				GCC_WARN_UNINITIALIZED_AUTOS = YES_AGGRESSIVE;
				GCC_WARN_UNUSED_FUNCTION = YES;
				GCC_WARN_UNUSED_VARIABLE = YES;
				IPHONEOS_DEPLOYMENT_TARGET = 13.7;
				MTL_ENABLE_DEBUG_INFO = NO;
				MTL_FAST_MATH = YES;
				SDKROOT = iphoneos;
				SWIFT_COMPILATION_MODE = wholemodule;
				SWIFT_OPTIMIZATION_LEVEL = "-O";
				VALIDATE_PRODUCT = YES;
			};
			name = Release;
		};
		94FBFBC72500EBDE007AD297 /* Debug */ = {
			isa = XCBuildConfiguration;
			buildSettings = {
				ASSETCATALOG_COMPILER_APPICON_NAME = AppIcon;
				CODE_SIGN_STYLE = Automatic;
				DEVELOPMENT_ASSET_PATHS = "\"GoAlone/Preview Content\"";
				DEVELOPMENT_TEAM = D9DG2TYPM8;
				ENABLE_PREVIEWS = YES;
				INFOPLIST_FILE = GoAlone/Info.plist;
				LD_RUNPATH_SEARCH_PATHS = (
					"$(inherited)",
					"@executable_path/Frameworks",
				);
				PRODUCT_BUNDLE_IDENTIFIER = com.daruken.GoAlone;
				PRODUCT_NAME = "$(TARGET_NAME)";
				SWIFT_VERSION = 5.0;
				TARGETED_DEVICE_FAMILY = "1,2";
			};
			name = Debug;
		};
		94FBFBC82500EBDE007AD297 /* Release */ = {
			isa = XCBuildConfiguration;
			buildSettings = {
				ASSETCATALOG_COMPILER_APPICON_NAME = AppIcon;
				CODE_SIGN_STYLE = Automatic;
				DEVELOPMENT_ASSET_PATHS = "\"GoAlone/Preview Content\"";
				DEVELOPMENT_TEAM = D9DG2TYPM8;
				ENABLE_PREVIEWS = YES;
				INFOPLIST_FILE = GoAlone/Info.plist;
				LD_RUNPATH_SEARCH_PATHS = (
					"$(inherited)",
					"@executable_path/Frameworks",
				);
				PRODUCT_BUNDLE_IDENTIFIER = com.daruken.GoAlone;
				PRODUCT_NAME = "$(TARGET_NAME)";
				SWIFT_VERSION = 5.0;
				TARGETED_DEVICE_FAMILY = "1,2";
			};
			name = Release;
		};
		94FBFBCA2500EBDE007AD297 /* Debug */ = {
			isa = XCBuildConfiguration;
			buildSettings = {
				ALWAYS_EMBED_SWIFT_STANDARD_LIBRARIES = YES;
				BUNDLE_LOADER = "$(TEST_HOST)";
				CODE_SIGN_STYLE = Automatic;
				DEVELOPMENT_TEAM = D9DG2TYPM8;
				INFOPLIST_FILE = GoAloneTests/Info.plist;
				IPHONEOS_DEPLOYMENT_TARGET = 13.7;
				LD_RUNPATH_SEARCH_PATHS = (
					"$(inherited)",
					"@executable_path/Frameworks",
					"@loader_path/Frameworks",
				);
				PRODUCT_BUNDLE_IDENTIFIER = com.daruken.GoAloneTests;
				PRODUCT_NAME = "$(TARGET_NAME)";
				SWIFT_VERSION = 5.0;
				TARGETED_DEVICE_FAMILY = "1,2";
				TEST_HOST = "$(BUILT_PRODUCTS_DIR)/GoAlone.app/GoAlone";
			};
			name = Debug;
		};
		94FBFBCB2500EBDE007AD297 /* Release */ = {
			isa = XCBuildConfiguration;
			buildSettings = {
				ALWAYS_EMBED_SWIFT_STANDARD_LIBRARIES = YES;
				BUNDLE_LOADER = "$(TEST_HOST)";
				CODE_SIGN_STYLE = Automatic;
				DEVELOPMENT_TEAM = D9DG2TYPM8;
				INFOPLIST_FILE = GoAloneTests/Info.plist;
				IPHONEOS_DEPLOYMENT_TARGET = 13.7;
				LD_RUNPATH_SEARCH_PATHS = (
					"$(inherited)",
					"@executable_path/Frameworks",
					"@loader_path/Frameworks",
				);
				PRODUCT_BUNDLE_IDENTIFIER = com.daruken.GoAloneTests;
				PRODUCT_NAME = "$(TARGET_NAME)";
				SWIFT_VERSION = 5.0;
				TARGETED_DEVICE_FAMILY = "1,2";
				TEST_HOST = "$(BUILT_PRODUCTS_DIR)/GoAlone.app/GoAlone";
			};
			name = Release;
		};
		94FBFBCD2500EBDE007AD297 /* Debug */ = {
			isa = XCBuildConfiguration;
			buildSettings = {
				ALWAYS_EMBED_SWIFT_STANDARD_LIBRARIES = YES;
				CODE_SIGN_STYLE = Automatic;
				DEVELOPMENT_TEAM = D9DG2TYPM8;
				INFOPLIST_FILE = GoAloneUITests/Info.plist;
				LD_RUNPATH_SEARCH_PATHS = (
					"$(inherited)",
					"@executable_path/Frameworks",
					"@loader_path/Frameworks",
				);
				PRODUCT_BUNDLE_IDENTIFIER = com.daruken.GoAloneUITests;
				PRODUCT_NAME = "$(TARGET_NAME)";
				SWIFT_VERSION = 5.0;
				TARGETED_DEVICE_FAMILY = "1,2";
				TEST_TARGET_NAME = GoAlone;
			};
			name = Debug;
		};
		94FBFBCE2500EBDE007AD297 /* Release */ = {
			isa = XCBuildConfiguration;
			buildSettings = {
				ALWAYS_EMBED_SWIFT_STANDARD_LIBRARIES = YES;
				CODE_SIGN_STYLE = Automatic;
				DEVELOPMENT_TEAM = D9DG2TYPM8;
				INFOPLIST_FILE = GoAloneUITests/Info.plist;
				LD_RUNPATH_SEARCH_PATHS = (
					"$(inherited)",
					"@executable_path/Frameworks",
					"@loader_path/Frameworks",
				);
				PRODUCT_BUNDLE_IDENTIFIER = com.daruken.GoAloneUITests;
				PRODUCT_NAME = "$(TARGET_NAME)";
				SWIFT_VERSION = 5.0;
				TARGETED_DEVICE_FAMILY = "1,2";
				TEST_TARGET_NAME = GoAlone;
			};
			name = Release;
		};
/* End XCBuildConfiguration section */

/* Begin XCConfigurationList section */
		94FBFB942500EBDD007AD297 /* Build configuration list for PBXProject "GoAlone" */ = {
			isa = XCConfigurationList;
			buildConfigurations = (
				94FBFBC42500EBDE007AD297 /* Debug */,
				94FBFBC52500EBDE007AD297 /* Release */,
			);
			defaultConfigurationIsVisible = 0;
			defaultConfigurationName = Release;
		};
		94FBFBC62500EBDE007AD297 /* Build configuration list for PBXNativeTarget "GoAlone" */ = {
			isa = XCConfigurationList;
			buildConfigurations = (
				94FBFBC72500EBDE007AD297 /* Debug */,
				94FBFBC82500EBDE007AD297 /* Release */,
			);
			defaultConfigurationIsVisible = 0;
			defaultConfigurationName = Release;
		};
		94FBFBC92500EBDE007AD297 /* Build configuration list for PBXNativeTarget "GoAloneTests" */ = {
			isa = XCConfigurationList;
			buildConfigurations = (
				94FBFBCA2500EBDE007AD297 /* Debug */,
				94FBFBCB2500EBDE007AD297 /* Release */,
			);
			defaultConfigurationIsVisible = 0;
			defaultConfigurationName = Release;
		};
		94FBFBCC2500EBDE007AD297 /* Build configuration list for PBXNativeTarget "GoAloneUITests" */ = {
			isa = XCConfigurationList;
			buildConfigurations = (
				94FBFBCD2500EBDE007AD297 /* Debug */,
				94FBFBCE2500EBDE007AD297 /* Release */,
			);
			defaultConfigurationIsVisible = 0;
			defaultConfigurationName = Release;
		};
/* End XCConfigurationList section */

/* Begin XCVersionGroup section */
		94FBFBA02500EBDD007AD297 /* GoAlone.xcdatamodeld */ = {
			isa = XCVersionGroup;
			children = (
				94FBFBA12500EBDD007AD297 /* GoAlone.xcdatamodel */,
			);
			currentVersion = 94FBFBA12500EBDD007AD297 /* GoAlone.xcdatamodel */;
			path = GoAlone.xcdatamodeld;
			sourceTree = "<group>";
			versionGroupType = wrapper.xcdatamodel;
		};
/* End XCVersionGroup section */
	};
	rootObject = 94FBFB912500EBDD007AD297 /* Project object */;
}
